
Microsoft Visual Studio Solution File, Format Version 12.00
# Visual Studio Version 16
VisualStudioVersion = 16.0.30114.105
MinimumVisualStudioVersion = 10.0.40219.1
Project("{2150E333-8FDC-42A3-9474-1A3956D46DE8}") = "Ordering", "Ordering", "{F2A02717-02BD-4DA1-A2FE-007D82CFF719}"
EndProject
Project("{2150E333-8FDC-42A3-9474-1A3956D46DE8}") = "src", "src", "{C8048E85-4989-48AC-A130-79693C7C5E68}"
EndProject
Project("{FAE04EC0-301F-11D3-BF4B-00C04F79EFBC}") = "Ordering.WebApi", "Ordering\src\Ordering.WebApi\Ordering.WebApi.csproj", "{46301635-6C15-42ED-BCC2-7EB29C92D77C}"
EndProject
Project("{FAE04EC0-301F-11D3-BF4B-00C04F79EFBC}") = "Ordering.Core", "Ordering\src\Ordering.Core\Ordering.Core.csproj", "{48DA0204-B894-496F-B8A8-FA13D718C738}"
EndProject
Project("{FAE04EC0-301F-11D3-BF4B-00C04F79EFBC}") = "Ordering.Infrastructure", "Ordering\src\Ordering.Infrastructure\Ordering.Infrastructure.csproj", "{C6B0A27C-05CF-48BC-967C-A867BD1CEE68}"
EndProject
Project("{2150E333-8FDC-42A3-9474-1A3956D46DE8}") = "tests", "tests", "{A901ECCD-1083-410D-9DF5-CA35006CC5BA}"
EndProject
Project("{FAE04EC0-301F-11D3-BF4B-00C04F79EFBC}") = "Ordering.IntegrationTests", "Ordering\tests\Ordering.IntegrationTests\Ordering.IntegrationTests.csproj", "{21231E60-1FC2-4122-B05F-DE4F58F7DAD7}"
EndProject
Project("{FAE04EC0-301F-11D3-BF4B-00C04F79EFBC}") = "Ordering.FunctionalTests", "Ordering\tests\Ordering.FunctionalTests\Ordering.FunctionalTests.csproj", "{13C98135-780D-4FFA-B134-69A5CE6687CE}"
EndProject
Project("{FAE04EC0-301F-11D3-BF4B-00C04F79EFBC}") = "Ordering.SharedTestHelpers", "Ordering\tests\Ordering.SharedTestHelpers\Ordering.SharedTestHelpers.csproj", "{A7AE96BB-19B7-4AD6-8AB5-AC4716901883}"
EndProject
Project("{FAE04EC0-301F-11D3-BF4B-00C04F79EFBC}") = "Ordering.UnitTests", "Ordering\tests\Ordering.UnitTests\Ordering.UnitTests.csproj", "{DF1D7C9D-5AC4-4121-81AD-342C81A9532A}"
EndProject
Project("{FAE04EC0-301F-11D3-BF4B-00C04F79EFBC}") = "Messages", "Messages\Messages.csproj", "{D482AB41-DE82-4DFC-B958-542067812CDA}"
EndProject
Project("{2150E333-8FDC-42A3-9474-1A3956D46DE8}") = "SecureOrdering", "SecureOrdering", "{89E030C7-5D9D-4DE3-90D8-6EA24ECEB5C8}"
EndProject
Project("{2150E333-8FDC-42A3-9474-1A3956D46DE8}") = "src", "src", "{D3C75244-72C4-4671-9EAC-8D350D09535E}"
EndProject
Project("{FAE04EC0-301F-11D3-BF4B-00C04F79EFBC}") = "SecureOrdering.WebApi", "SecureOrdering\src\SecureOrdering.WebApi\SecureOrdering.WebApi.csproj", "{CF002C4C-A867-40C4-8825-BC05AACF11C4}"
EndProject
Project("{FAE04EC0-301F-11D3-BF4B-00C04F79EFBC}") = "SecureOrdering.Core", "SecureOrdering\src\SecureOrdering.Core\SecureOrdering.Core.csproj", "{A8CF4E30-D538-43EA-A968-033999FB4D02}"
EndProject
Project("{FAE04EC0-301F-11D3-BF4B-00C04F79EFBC}") = "SecureOrdering.Infrastructure", "SecureOrdering\src\SecureOrdering.Infrastructure\SecureOrdering.Infrastructure.csproj", "{A5278A7B-1302-42B3-BCD4-73230E7C8E18}"
EndProject
Project("{2150E333-8FDC-42A3-9474-1A3956D46DE8}") = "tests", "tests", "{8BA128A5-FA2D-4B78-B581-D4A0E5B79A78}"
EndProject
Project("{FAE04EC0-301F-11D3-BF4B-00C04F79EFBC}") = "SecureOrdering.IntegrationTests", "SecureOrdering\tests\SecureOrdering.IntegrationTests\SecureOrdering.IntegrationTests.csproj", "{D785222B-F3ED-451E-9E8E-07390D01ADB1}"
EndProject
Project("{FAE04EC0-301F-11D3-BF4B-00C04F79EFBC}") = "SecureOrdering.FunctionalTests", "SecureOrdering\tests\SecureOrdering.FunctionalTests\SecureOrdering.FunctionalTests.csproj", "{040ADE59-2548-44B0-830F-AC2384439888}"
EndProject
Project("{FAE04EC0-301F-11D3-BF4B-00C04F79EFBC}") = "SecureOrdering.SharedTestHelpers", "SecureOrdering\tests\SecureOrdering.SharedTestHelpers\SecureOrdering.SharedTestHelpers.csproj", "{CED762E3-9A49-47D2-BC2F-2E08612CABB3}"
EndProject
Project("{FAE04EC0-301F-11D3-BF4B-00C04F79EFBC}") = "SecureOrdering.UnitTests", "SecureOrdering\tests\SecureOrdering.UnitTests\SecureOrdering.UnitTests.csproj", "{5049FD48-A65A-4459-904D-3F201BB739E7}"
EndProject
Global
	GlobalSection(SolutionConfigurationPlatforms) = preSolution
		Debug|Any CPU = Debug|Any CPU
		Debug|x64 = Debug|x64
		Debug|x86 = Debug|x86
		Release|Any CPU = Release|Any CPU
		Release|x64 = Release|x64
		Release|x86 = Release|x86
	EndGlobalSection
	GlobalSection(SolutionProperties) = preSolution
		HideSolutionNode = FALSE
	EndGlobalSection
	GlobalSection(ProjectConfigurationPlatforms) = postSolution
		{46301635-6C15-42ED-BCC2-7EB29C92D77C}.Debug|Any CPU.ActiveCfg = Debug|Any CPU
		{46301635-6C15-42ED-BCC2-7EB29C92D77C}.Debug|Any CPU.Build.0 = Debug|Any CPU
		{46301635-6C15-42ED-BCC2-7EB29C92D77C}.Debug|x64.ActiveCfg = Debug|Any CPU
		{46301635-6C15-42ED-BCC2-7EB29C92D77C}.Debug|x64.Build.0 = Debug|Any CPU
		{46301635-6C15-42ED-BCC2-7EB29C92D77C}.Debug|x86.ActiveCfg = Debug|Any CPU
		{46301635-6C15-42ED-BCC2-7EB29C92D77C}.Debug|x86.Build.0 = Debug|Any CPU
		{46301635-6C15-42ED-BCC2-7EB29C92D77C}.Release|Any CPU.ActiveCfg = Release|Any CPU
		{46301635-6C15-42ED-BCC2-7EB29C92D77C}.Release|Any CPU.Build.0 = Release|Any CPU
		{46301635-6C15-42ED-BCC2-7EB29C92D77C}.Release|x64.ActiveCfg = Release|Any CPU
		{46301635-6C15-42ED-BCC2-7EB29C92D77C}.Release|x64.Build.0 = Release|Any CPU
		{46301635-6C15-42ED-BCC2-7EB29C92D77C}.Release|x86.ActiveCfg = Release|Any CPU
		{46301635-6C15-42ED-BCC2-7EB29C92D77C}.Release|x86.Build.0 = Release|Any CPU
		{48DA0204-B894-496F-B8A8-FA13D718C738}.Debug|Any CPU.ActiveCfg = Debug|Any CPU
		{48DA0204-B894-496F-B8A8-FA13D718C738}.Debug|Any CPU.Build.0 = Debug|Any CPU
		{48DA0204-B894-496F-B8A8-FA13D718C738}.Debug|x64.ActiveCfg = Debug|Any CPU
		{48DA0204-B894-496F-B8A8-FA13D718C738}.Debug|x64.Build.0 = Debug|Any CPU
		{48DA0204-B894-496F-B8A8-FA13D718C738}.Debug|x86.ActiveCfg = Debug|Any CPU
		{48DA0204-B894-496F-B8A8-FA13D718C738}.Debug|x86.Build.0 = Debug|Any CPU
		{48DA0204-B894-496F-B8A8-FA13D718C738}.Release|Any CPU.ActiveCfg = Release|Any CPU
		{48DA0204-B894-496F-B8A8-FA13D718C738}.Release|Any CPU.Build.0 = Release|Any CPU
		{48DA0204-B894-496F-B8A8-FA13D718C738}.Release|x64.ActiveCfg = Release|Any CPU
		{48DA0204-B894-496F-B8A8-FA13D718C738}.Release|x64.Build.0 = Release|Any CPU
		{48DA0204-B894-496F-B8A8-FA13D718C738}.Release|x86.ActiveCfg = Release|Any CPU
		{48DA0204-B894-496F-B8A8-FA13D718C738}.Release|x86.Build.0 = Release|Any CPU
		{C6B0A27C-05CF-48BC-967C-A867BD1CEE68}.Debug|Any CPU.ActiveCfg = Debug|Any CPU
		{C6B0A27C-05CF-48BC-967C-A867BD1CEE68}.Debug|Any CPU.Build.0 = Debug|Any CPU
		{C6B0A27C-05CF-48BC-967C-A867BD1CEE68}.Debug|x64.ActiveCfg = Debug|Any CPU
		{C6B0A27C-05CF-48BC-967C-A867BD1CEE68}.Debug|x64.Build.0 = Debug|Any CPU
		{C6B0A27C-05CF-48BC-967C-A867BD1CEE68}.Debug|x86.ActiveCfg = Debug|Any CPU
		{C6B0A27C-05CF-48BC-967C-A867BD1CEE68}.Debug|x86.Build.0 = Debug|Any CPU
		{C6B0A27C-05CF-48BC-967C-A867BD1CEE68}.Release|Any CPU.ActiveCfg = Release|Any CPU
		{C6B0A27C-05CF-48BC-967C-A867BD1CEE68}.Release|Any CPU.Build.0 = Release|Any CPU
		{C6B0A27C-05CF-48BC-967C-A867BD1CEE68}.Release|x64.ActiveCfg = Release|Any CPU
		{C6B0A27C-05CF-48BC-967C-A867BD1CEE68}.Release|x64.Build.0 = Release|Any CPU
		{C6B0A27C-05CF-48BC-967C-A867BD1CEE68}.Release|x86.ActiveCfg = Release|Any CPU
		{C6B0A27C-05CF-48BC-967C-A867BD1CEE68}.Release|x86.Build.0 = Release|Any CPU
		{21231E60-1FC2-4122-B05F-DE4F58F7DAD7}.Debug|Any CPU.ActiveCfg = Debug|Any CPU
		{21231E60-1FC2-4122-B05F-DE4F58F7DAD7}.Debug|Any CPU.Build.0 = Debug|Any CPU
		{21231E60-1FC2-4122-B05F-DE4F58F7DAD7}.Debug|x64.ActiveCfg = Debug|Any CPU
		{21231E60-1FC2-4122-B05F-DE4F58F7DAD7}.Debug|x64.Build.0 = Debug|Any CPU
		{21231E60-1FC2-4122-B05F-DE4F58F7DAD7}.Debug|x86.ActiveCfg = Debug|Any CPU
		{21231E60-1FC2-4122-B05F-DE4F58F7DAD7}.Debug|x86.Build.0 = Debug|Any CPU
		{21231E60-1FC2-4122-B05F-DE4F58F7DAD7}.Release|Any CPU.ActiveCfg = Release|Any CPU
		{21231E60-1FC2-4122-B05F-DE4F58F7DAD7}.Release|Any CPU.Build.0 = Release|Any CPU
		{21231E60-1FC2-4122-B05F-DE4F58F7DAD7}.Release|x64.ActiveCfg = Release|Any CPU
		{21231E60-1FC2-4122-B05F-DE4F58F7DAD7}.Release|x64.Build.0 = Release|Any CPU
		{21231E60-1FC2-4122-B05F-DE4F58F7DAD7}.Release|x86.ActiveCfg = Release|Any CPU
		{21231E60-1FC2-4122-B05F-DE4F58F7DAD7}.Release|x86.Build.0 = Release|Any CPU
		{13C98135-780D-4FFA-B134-69A5CE6687CE}.Debug|Any CPU.ActiveCfg = Debug|Any CPU
		{13C98135-780D-4FFA-B134-69A5CE6687CE}.Debug|Any CPU.Build.0 = Debug|Any CPU
		{13C98135-780D-4FFA-B134-69A5CE6687CE}.Debug|x64.ActiveCfg = Debug|Any CPU
		{13C98135-780D-4FFA-B134-69A5CE6687CE}.Debug|x64.Build.0 = Debug|Any CPU
		{13C98135-780D-4FFA-B134-69A5CE6687CE}.Debug|x86.ActiveCfg = Debug|Any CPU
		{13C98135-780D-4FFA-B134-69A5CE6687CE}.Debug|x86.Build.0 = Debug|Any CPU
		{13C98135-780D-4FFA-B134-69A5CE6687CE}.Release|Any CPU.ActiveCfg = Release|Any CPU
		{13C98135-780D-4FFA-B134-69A5CE6687CE}.Release|Any CPU.Build.0 = Release|Any CPU
		{13C98135-780D-4FFA-B134-69A5CE6687CE}.Release|x64.ActiveCfg = Release|Any CPU
		{13C98135-780D-4FFA-B134-69A5CE6687CE}.Release|x64.Build.0 = Release|Any CPU
		{13C98135-780D-4FFA-B134-69A5CE6687CE}.Release|x86.ActiveCfg = Release|Any CPU
		{13C98135-780D-4FFA-B134-69A5CE6687CE}.Release|x86.Build.0 = Release|Any CPU
		{A7AE96BB-19B7-4AD6-8AB5-AC4716901883}.Debug|Any CPU.ActiveCfg = Debug|Any CPU
		{A7AE96BB-19B7-4AD6-8AB5-AC4716901883}.Debug|Any CPU.Build.0 = Debug|Any CPU
		{A7AE96BB-19B7-4AD6-8AB5-AC4716901883}.Debug|x64.ActiveCfg = Debug|Any CPU
		{A7AE96BB-19B7-4AD6-8AB5-AC4716901883}.Debug|x64.Build.0 = Debug|Any CPU
		{A7AE96BB-19B7-4AD6-8AB5-AC4716901883}.Debug|x86.ActiveCfg = Debug|Any CPU
		{A7AE96BB-19B7-4AD6-8AB5-AC4716901883}.Debug|x86.Build.0 = Debug|Any CPU
		{A7AE96BB-19B7-4AD6-8AB5-AC4716901883}.Release|Any CPU.ActiveCfg = Release|Any CPU
		{A7AE96BB-19B7-4AD6-8AB5-AC4716901883}.Release|Any CPU.Build.0 = Release|Any CPU
		{A7AE96BB-19B7-4AD6-8AB5-AC4716901883}.Release|x64.ActiveCfg = Release|Any CPU
		{A7AE96BB-19B7-4AD6-8AB5-AC4716901883}.Release|x64.Build.0 = Release|Any CPU
		{A7AE96BB-19B7-4AD6-8AB5-AC4716901883}.Release|x86.ActiveCfg = Release|Any CPU
		{A7AE96BB-19B7-4AD6-8AB5-AC4716901883}.Release|x86.Build.0 = Release|Any CPU
		{DF1D7C9D-5AC4-4121-81AD-342C81A9532A}.Debug|Any CPU.ActiveCfg = Debug|Any CPU
		{DF1D7C9D-5AC4-4121-81AD-342C81A9532A}.Debug|Any CPU.Build.0 = Debug|Any CPU
		{DF1D7C9D-5AC4-4121-81AD-342C81A9532A}.Debug|x64.ActiveCfg = Debug|Any CPU
		{DF1D7C9D-5AC4-4121-81AD-342C81A9532A}.Debug|x64.Build.0 = Debug|Any CPU
		{DF1D7C9D-5AC4-4121-81AD-342C81A9532A}.Debug|x86.ActiveCfg = Debug|Any CPU
		{DF1D7C9D-5AC4-4121-81AD-342C81A9532A}.Debug|x86.Build.0 = Debug|Any CPU
		{DF1D7C9D-5AC4-4121-81AD-342C81A9532A}.Release|Any CPU.ActiveCfg = Release|Any CPU
		{DF1D7C9D-5AC4-4121-81AD-342C81A9532A}.Release|Any CPU.Build.0 = Release|Any CPU
		{DF1D7C9D-5AC4-4121-81AD-342C81A9532A}.Release|x64.ActiveCfg = Release|Any CPU
		{DF1D7C9D-5AC4-4121-81AD-342C81A9532A}.Release|x64.Build.0 = Release|Any CPU
		{DF1D7C9D-5AC4-4121-81AD-342C81A9532A}.Release|x86.ActiveCfg = Release|Any CPU
		{DF1D7C9D-5AC4-4121-81AD-342C81A9532A}.Release|x86.Build.0 = Release|Any CPU
		{D482AB41-DE82-4DFC-B958-542067812CDA}.Debug|Any CPU.ActiveCfg = Debug|Any CPU
		{D482AB41-DE82-4DFC-B958-542067812CDA}.Debug|Any CPU.Build.0 = Debug|Any CPU
		{D482AB41-DE82-4DFC-B958-542067812CDA}.Debug|x64.ActiveCfg = Debug|Any CPU
		{D482AB41-DE82-4DFC-B958-542067812CDA}.Debug|x64.Build.0 = Debug|Any CPU
		{D482AB41-DE82-4DFC-B958-542067812CDA}.Debug|x86.ActiveCfg = Debug|Any CPU
		{D482AB41-DE82-4DFC-B958-542067812CDA}.Debug|x86.Build.0 = Debug|Any CPU
		{D482AB41-DE82-4DFC-B958-542067812CDA}.Release|Any CPU.ActiveCfg = Release|Any CPU
		{D482AB41-DE82-4DFC-B958-542067812CDA}.Release|Any CPU.Build.0 = Release|Any CPU
		{D482AB41-DE82-4DFC-B958-542067812CDA}.Release|x64.ActiveCfg = Release|Any CPU
		{D482AB41-DE82-4DFC-B958-542067812CDA}.Release|x64.Build.0 = Release|Any CPU
		{D482AB41-DE82-4DFC-B958-542067812CDA}.Release|x86.ActiveCfg = Release|Any CPU
		{D482AB41-DE82-4DFC-B958-542067812CDA}.Release|x86.Build.0 = Release|Any CPU
		{CF002C4C-A867-40C4-8825-BC05AACF11C4}.Debug|Any CPU.ActiveCfg = Debug|Any CPU
		{CF002C4C-A867-40C4-8825-BC05AACF11C4}.Debug|Any CPU.Build.0 = Debug|Any CPU
		{CF002C4C-A867-40C4-8825-BC05AACF11C4}.Debug|x64.ActiveCfg = Debug|Any CPU
		{CF002C4C-A867-40C4-8825-BC05AACF11C4}.Debug|x64.Build.0 = Debug|Any CPU
		{CF002C4C-A867-40C4-8825-BC05AACF11C4}.Debug|x86.ActiveCfg = Debug|Any CPU
		{CF002C4C-A867-40C4-8825-BC05AACF11C4}.Debug|x86.Build.0 = Debug|Any CPU
		{CF002C4C-A867-40C4-8825-BC05AACF11C4}.Release|Any CPU.ActiveCfg = Release|Any CPU
		{CF002C4C-A867-40C4-8825-BC05AACF11C4}.Release|Any CPU.Build.0 = Release|Any CPU
		{CF002C4C-A867-40C4-8825-BC05AACF11C4}.Release|x64.ActiveCfg = Release|Any CPU
		{CF002C4C-A867-40C4-8825-BC05AACF11C4}.Release|x64.Build.0 = Release|Any CPU
		{CF002C4C-A867-40C4-8825-BC05AACF11C4}.Release|x86.ActiveCfg = Release|Any CPU
		{CF002C4C-A867-40C4-8825-BC05AACF11C4}.Release|x86.Build.0 = Release|Any CPU
		{A8CF4E30-D538-43EA-A968-033999FB4D02}.Debug|Any CPU.ActiveCfg = Debug|Any CPU
		{A8CF4E30-D538-43EA-A968-033999FB4D02}.Debug|Any CPU.Build.0 = Debug|Any CPU
		{A8CF4E30-D538-43EA-A968-033999FB4D02}.Debug|x64.ActiveCfg = Debug|Any CPU
		{A8CF4E30-D538-43EA-A968-033999FB4D02}.Debug|x64.Build.0 = Debug|Any CPU
		{A8CF4E30-D538-43EA-A968-033999FB4D02}.Debug|x86.ActiveCfg = Debug|Any CPU
		{A8CF4E30-D538-43EA-A968-033999FB4D02}.Debug|x86.Build.0 = Debug|Any CPU
		{A8CF4E30-D538-43EA-A968-033999FB4D02}.Release|Any CPU.ActiveCfg = Release|Any CPU
		{A8CF4E30-D538-43EA-A968-033999FB4D02}.Release|Any CPU.Build.0 = Release|Any CPU
		{A8CF4E30-D538-43EA-A968-033999FB4D02}.Release|x64.ActiveCfg = Release|Any CPU
		{A8CF4E30-D538-43EA-A968-033999FB4D02}.Release|x64.Build.0 = Release|Any CPU
		{A8CF4E30-D538-43EA-A968-033999FB4D02}.Release|x86.ActiveCfg = Release|Any CPU
		{A8CF4E30-D538-43EA-A968-033999FB4D02}.Release|x86.Build.0 = Release|Any CPU
		{A5278A7B-1302-42B3-BCD4-73230E7C8E18}.Debug|Any CPU.ActiveCfg = Debug|Any CPU
		{A5278A7B-1302-42B3-BCD4-73230E7C8E18}.Debug|Any CPU.Build.0 = Debug|Any CPU
		{A5278A7B-1302-42B3-BCD4-73230E7C8E18}.Debug|x64.ActiveCfg = Debug|Any CPU
		{A5278A7B-1302-42B3-BCD4-73230E7C8E18}.Debug|x64.Build.0 = Debug|Any CPU
		{A5278A7B-1302-42B3-BCD4-73230E7C8E18}.Debug|x86.ActiveCfg = Debug|Any CPU
		{A5278A7B-1302-42B3-BCD4-73230E7C8E18}.Debug|x86.Build.0 = Debug|Any CPU
		{A5278A7B-1302-42B3-BCD4-73230E7C8E18}.Release|Any CPU.ActiveCfg = Release|Any CPU
		{A5278A7B-1302-42B3-BCD4-73230E7C8E18}.Release|Any CPU.Build.0 = Release|Any CPU
		{A5278A7B-1302-42B3-BCD4-73230E7C8E18}.Release|x64.ActiveCfg = Release|Any CPU
		{A5278A7B-1302-42B3-BCD4-73230E7C8E18}.Release|x64.Build.0 = Release|Any CPU
		{A5278A7B-1302-42B3-BCD4-73230E7C8E18}.Release|x86.ActiveCfg = Release|Any CPU
		{A5278A7B-1302-42B3-BCD4-73230E7C8E18}.Release|x86.Build.0 = Release|Any CPU
		{D785222B-F3ED-451E-9E8E-07390D01ADB1}.Debug|Any CPU.ActiveCfg = Debug|Any CPU
		{D785222B-F3ED-451E-9E8E-07390D01ADB1}.Debug|Any CPU.Build.0 = Debug|Any CPU
		{D785222B-F3ED-451E-9E8E-07390D01ADB1}.Debug|x64.ActiveCfg = Debug|Any CPU
		{D785222B-F3ED-451E-9E8E-07390D01ADB1}.Debug|x64.Build.0 = Debug|Any CPU
		{D785222B-F3ED-451E-9E8E-07390D01ADB1}.Debug|x86.ActiveCfg = Debug|Any CPU
		{D785222B-F3ED-451E-9E8E-07390D01ADB1}.Debug|x86.Build.0 = Debug|Any CPU
		{D785222B-F3ED-451E-9E8E-07390D01ADB1}.Release|Any CPU.ActiveCfg = Release|Any CPU
		{D785222B-F3ED-451E-9E8E-07390D01ADB1}.Release|Any CPU.Build.0 = Release|Any CPU
		{D785222B-F3ED-451E-9E8E-07390D01ADB1}.Release|x64.ActiveCfg = Release|Any CPU
		{D785222B-F3ED-451E-9E8E-07390D01ADB1}.Release|x64.Build.0 = Release|Any CPU
		{D785222B-F3ED-451E-9E8E-07390D01ADB1}.Release|x86.ActiveCfg = Release|Any CPU
		{D785222B-F3ED-451E-9E8E-07390D01ADB1}.Release|x86.Build.0 = Release|Any CPU
		{040ADE59-2548-44B0-830F-AC2384439888}.Debug|Any CPU.ActiveCfg = Debug|Any CPU
		{040ADE59-2548-44B0-830F-AC2384439888}.Debug|Any CPU.Build.0 = Debug|Any CPU
		{040ADE59-2548-44B0-830F-AC2384439888}.Debug|x64.ActiveCfg = Debug|Any CPU
		{040ADE59-2548-44B0-830F-AC2384439888}.Debug|x64.Build.0 = Debug|Any CPU
		{040ADE59-2548-44B0-830F-AC2384439888}.Debug|x86.ActiveCfg = Debug|Any CPU
		{040ADE59-2548-44B0-830F-AC2384439888}.Debug|x86.Build.0 = Debug|Any CPU
		{040ADE59-2548-44B0-830F-AC2384439888}.Release|Any CPU.ActiveCfg = Release|Any CPU
		{040ADE59-2548-44B0-830F-AC2384439888}.Release|Any CPU.Build.0 = Release|Any CPU
		{040ADE59-2548-44B0-830F-AC2384439888}.Release|x64.ActiveCfg = Release|Any CPU
		{040ADE59-2548-44B0-830F-AC2384439888}.Release|x64.Build.0 = Release|Any CPU
		{040ADE59-2548-44B0-830F-AC2384439888}.Release|x86.ActiveCfg = Release|Any CPU
		{040ADE59-2548-44B0-830F-AC2384439888}.Release|x86.Build.0 = Release|Any CPU
		{CED762E3-9A49-47D2-BC2F-2E08612CABB3}.Debug|Any CPU.ActiveCfg = Debug|Any CPU
		{CED762E3-9A49-47D2-BC2F-2E08612CABB3}.Debug|Any CPU.Build.0 = Debug|Any CPU
		{CED762E3-9A49-47D2-BC2F-2E08612CABB3}.Debug|x64.ActiveCfg = Debug|Any CPU
		{CED762E3-9A49-47D2-BC2F-2E08612CABB3}.Debug|x64.Build.0 = Debug|Any CPU
		{CED762E3-9A49-47D2-BC2F-2E08612CABB3}.Debug|x86.ActiveCfg = Debug|Any CPU
		{CED762E3-9A49-47D2-BC2F-2E08612CABB3}.Debug|x86.Build.0 = Debug|Any CPU
		{CED762E3-9A49-47D2-BC2F-2E08612CABB3}.Release|Any CPU.ActiveCfg = Release|Any CPU
		{CED762E3-9A49-47D2-BC2F-2E08612CABB3}.Release|Any CPU.Build.0 = Release|Any CPU
		{CED762E3-9A49-47D2-BC2F-2E08612CABB3}.Release|x64.ActiveCfg = Release|Any CPU
		{CED762E3-9A49-47D2-BC2F-2E08612CABB3}.Release|x64.Build.0 = Release|Any CPU
		{CED762E3-9A49-47D2-BC2F-2E08612CABB3}.Release|x86.ActiveCfg = Release|Any CPU
		{CED762E3-9A49-47D2-BC2F-2E08612CABB3}.Release|x86.Build.0 = Release|Any CPU
		{5049FD48-A65A-4459-904D-3F201BB739E7}.Debug|Any CPU.ActiveCfg = Debug|Any CPU
		{5049FD48-A65A-4459-904D-3F201BB739E7}.Debug|Any CPU.Build.0 = Debug|Any CPU
		{5049FD48-A65A-4459-904D-3F201BB739E7}.Debug|x64.ActiveCfg = Debug|Any CPU
		{5049FD48-A65A-4459-904D-3F201BB739E7}.Debug|x64.Build.0 = Debug|Any CPU
		{5049FD48-A65A-4459-904D-3F201BB739E7}.Debug|x86.ActiveCfg = Debug|Any CPU
		{5049FD48-A65A-4459-904D-3F201BB739E7}.Debug|x86.Build.0 = Debug|Any CPU
		{5049FD48-A65A-4459-904D-3F201BB739E7}.Release|Any CPU.ActiveCfg = Release|Any CPU
		{5049FD48-A65A-4459-904D-3F201BB739E7}.Release|Any CPU.Build.0 = Release|Any CPU
		{5049FD48-A65A-4459-904D-3F201BB739E7}.Release|x64.ActiveCfg = Release|Any CPU
		{5049FD48-A65A-4459-904D-3F201BB739E7}.Release|x64.Build.0 = Release|Any CPU
		{5049FD48-A65A-4459-904D-3F201BB739E7}.Release|x86.ActiveCfg = Release|Any CPU
		{5049FD48-A65A-4459-904D-3F201BB739E7}.Release|x86.Build.0 = Release|Any CPU
	EndGlobalSection
	GlobalSection(NestedProjects) = preSolution
		{C8048E85-4989-48AC-A130-79693C7C5E68} = {F2A02717-02BD-4DA1-A2FE-007D82CFF719}
		{46301635-6C15-42ED-BCC2-7EB29C92D77C} = {C8048E85-4989-48AC-A130-79693C7C5E68}
		{48DA0204-B894-496F-B8A8-FA13D718C738} = {C8048E85-4989-48AC-A130-79693C7C5E68}
		{C6B0A27C-05CF-48BC-967C-A867BD1CEE68} = {C8048E85-4989-48AC-A130-79693C7C5E68}
		{A901ECCD-1083-410D-9DF5-CA35006CC5BA} = {F2A02717-02BD-4DA1-A2FE-007D82CFF719}
		{21231E60-1FC2-4122-B05F-DE4F58F7DAD7} = {A901ECCD-1083-410D-9DF5-CA35006CC5BA}
		{13C98135-780D-4FFA-B134-69A5CE6687CE} = {A901ECCD-1083-410D-9DF5-CA35006CC5BA}
		{A7AE96BB-19B7-4AD6-8AB5-AC4716901883} = {A901ECCD-1083-410D-9DF5-CA35006CC5BA}
		{DF1D7C9D-5AC4-4121-81AD-342C81A9532A} = {A901ECCD-1083-410D-9DF5-CA35006CC5BA}
		{D3C75244-72C4-4671-9EAC-8D350D09535E} = {89E030C7-5D9D-4DE3-90D8-6EA24ECEB5C8}
		{CF002C4C-A867-40C4-8825-BC05AACF11C4} = {D3C75244-72C4-4671-9EAC-8D350D09535E}
		{A8CF4E30-D538-43EA-A968-033999FB4D02} = {D3C75244-72C4-4671-9EAC-8D350D09535E}
		{A5278A7B-1302-42B3-BCD4-73230E7C8E18} = {D3C75244-72C4-4671-9EAC-8D350D09535E}
		{8BA128A5-FA2D-4B78-B581-D4A0E5B79A78} = {89E030C7-5D9D-4DE3-90D8-6EA24ECEB5C8}
		{D785222B-F3ED-451E-9E8E-07390D01ADB1} = {8BA128A5-FA2D-4B78-B581-D4A0E5B79A78}
		{040ADE59-2548-44B0-830F-AC2384439888} = {8BA128A5-FA2D-4B78-B581-D4A0E5B79A78}
		{CED762E3-9A49-47D2-BC2F-2E08612CABB3} = {8BA128A5-FA2D-4B78-B581-D4A0E5B79A78}
		{5049FD48-A65A-4459-904D-3F201BB739E7} = {8BA128A5-FA2D-4B78-B581-D4A0E5B79A78}
	EndGlobalSection
EndGlobal
